
Microsoft Visual Studio Solution File, Format Version 12.00
# Visual Studio 15
VisualStudioVersion = 15.0.27130.2010
MinimumVisualStudioVersion = 10.0.40219.1
Project("{FAE04EC0-301F-11D3-BF4B-00C04F79EFBC}") = "LMS", "LMS\LMS.csproj", "{189B4BE0-D991-4B53-9AE6-045BC1E8A8AF}"
EndProject
Project("{FAE04EC0-301F-11D3-BF4B-00C04F79EFBC}") = "Data", "Data\Data.csproj", "{437DA152-B081-40BA-B322-05DE1323C4E9}"
EndProject
Project("{FAE04EC0-301F-11D3-BF4B-00C04F79EFBC}") = "BL", "BL\BL.csproj", "{EAF48225-C655-4639-95FD-D6F74D474029}"
EndProject
Project("{FAE04EC0-301F-11D3-BF4B-00C04F79EFBC}") = "Model", "Model\Model.csproj", "{B75E2191-4163-47F3-8B20-1B86AA8BCC01}"
EndProject
Project("{FAE04EC0-301F-11D3-BF4B-00C04F79EFBC}") = "BL.UnitTest", "BL.UnitTest\BL.UnitTest.csproj", "{4583C985-2E94-41E3-B418-A14D4AD626EC}"
EndProject
Global
	GlobalSection(SolutionConfigurationPlatforms) = preSolution
		Debug|Any CPU = Debug|Any CPU
		Release|Any CPU = Release|Any CPU
	EndGlobalSection
	GlobalSection(ProjectConfigurationPlatforms) = postSolution
		{189B4BE0-D991-4B53-9AE6-045BC1E8A8AF}.Debug|Any CPU.ActiveCfg = Debug|Any CPU
		{189B4BE0-D991-4B53-9AE6-045BC1E8A8AF}.Debug|Any CPU.Build.0 = Debug|Any CPU
		{189B4BE0-D991-4B53-9AE6-045BC1E8A8AF}.Release|Any CPU.ActiveCfg = Release|Any CPU
		{189B4BE0-D991-4B53-9AE6-045BC1E8A8AF}.Release|Any CPU.Build.0 = Release|Any CPU
		{437DA152-B081-40BA-B322-05DE1323C4E9}.Debug|Any CPU.ActiveCfg = Debug|Any CPU
		{437DA152-B081-40BA-B322-05DE1323C4E9}.Debug|Any CPU.Build.0 = Debug|Any CPU
		{437DA152-B081-40BA-B322-05DE1323C4E9}.Release|Any CPU.ActiveCfg = Release|Any CPU
		{437DA152-B081-40BA-B322-05DE1323C4E9}.Release|Any CPU.Build.0 = Release|Any CPU
		{EAF48225-C655-4639-95FD-D6F74D474029}.Debug|Any CPU.ActiveCfg = Debug|Any CPU
		{EAF48225-C655-4639-95FD-D6F74D474029}.Debug|Any CPU.Build.0 = Debug|Any CPU
		{EAF48225-C655-4639-95FD-D6F74D474029}.Release|Any CPU.ActiveCfg = Release|Any CPU
		{EAF48225-C655-4639-95FD-D6F74D474029}.Release|Any CPU.Build.0 = Release|Any CPU
		{B75E2191-4163-47F3-8B20-1B86AA8BCC01}.Debug|Any CPU.ActiveCfg = Debug|Any CPU
		{B75E2191-4163-47F3-8B20-1B86AA8BCC01}.Debug|Any CPU.Build.0 = Debug|Any CPU
		{B75E2191-4163-47F3-8B20-1B86AA8BCC01}.Release|Any CPU.ActiveCfg = Release|Any CPU
		{B75E2191-4163-47F3-8B20-1B86AA8BCC01}.Release|Any CPU.Build.0 = Release|Any CPU
		{4583C985-2E94-41E3-B418-A14D4AD626EC}.Debug|Any CPU.ActiveCfg = Debug|Any CPU
		{4583C985-2E94-41E3-B418-A14D4AD626EC}.Debug|Any CPU.Build.0 = Debug|Any CPU
		{4583C985-2E94-41E3-B418-A14D4AD626EC}.Release|Any CPU.ActiveCfg = Release|Any CPU
		{4583C985-2E94-41E3-B418-A14D4AD626EC}.Release|Any CPU.Build.0 = Release|Any CPU
	EndGlobalSection
	GlobalSection(SolutionProperties) = preSolution
		HideSolutionNode = FALSE
	EndGlobalSection
	GlobalSection(ExtensibilityGlobals) = postSolution
		SolutionGuid = {D10FB1D6-449E-494D-AE1E-0D325752C973}
	EndGlobalSection
EndGlobal
